[[package]]
name = "autoreadme"
version = "0.2102.20"
description = "Haskell-like intervals for Python"
category = "dev"
optional = false
python-versions = "*"

[[package]]
name = "colored"
version = "1.4.2"
description = "Simple library for color and formatting to terminal"
category = "main"
optional = false
python-versions = "*"

[metadata]
lock-version = "1.1"
python-versions = "^3.8"
content-hash = "7d1f4e85e83f81b7f0983b760dec2b6b6954ba0eb659ee9a15ac0901c6868d1d"

[metadata.files]
autoreadme = [
    {file = "autoreadme-0.2102.20-py3-none-any.whl", hash = "sha256:e43eb3ca24f1968cb4ee8e0c656ff5578ae34b4952ea45a1e7af099f8f936f0b"},
    {file = "autoreadme-0.2102.20.tar.gz", hash = "sha256:149dadc00dbc263179afb4433f3875709e9bb4079fa00543c2f313a2013b75ab"},
]
colored = [
    {file = "colored-1.4.2.tar.gz", hash = "sha256:056fac09d9e39b34296e7618897ed1b8c274f98423770c2980d829fd670955ed"},
]
